# This file is autogenerated, do not edit; changes may be undone by the next 'dep ensure'.

memo = "309086baabe6061d898d9ccbf7836dc5faaa5e530949b2e850bf46792cc6c88e"

[[projects]]
  name = "github.com/aerospike/aerospike-client-go"
  packages = [".","internal/lua","internal/lua/resources","logger","pkg/bcrypt","pkg/ripemd160","types","types/atomic","types/particle_type","types/rand","utils/buffer"]
  revision = "1dc8cf203d24cd454e71ce40ab4cd0bf3112df90"
  version = "v1.27.0"

[[projects]]
  name = "github.com/jessevdk/go-flags"
  packages = ["."]
  revision = "48cf8722c3375517aba351d1f7577c40663a4407"
  version = "v1.2.0"

[[projects]]
  branch = "master"
  name = "github.com/yuin/gopher-lua"
  packages = [".","ast","parse","pm"]
  revision = "b402f3114ec730d8bddb074a6c137309f561aa78"

[[projects]]
  branch = "master"
  name = "golang.org/x/net"
  packages = ["context"]
  revision = "e4fa1c5465ad6111f206fc92186b8c83d64adbe1"
